{
    "name": "fookie-cache",
    "version": "0.999.4",
    "lockfileVersion": 3,
    "requires": true,
    "packages": {
        "": {
            "name": "fookie-cache",
            "version": "0.999.4",
            "license": "ISC",
            "dependencies": {
                "crypto-js": "^4.1.1"
            },
            "devDependencies": {
                "fookie": "^0.999.32",
                "typescript": "^5.0.2"
            },
            "peerDependencies": {
                "fookie": "0.999.32"
            }
        },
        "node_modules/crypto-js": {
            "version": "4.1.1",
            "resolved": "https://registry.npmjs.org/crypto-js/-/crypto-js-4.1.1.tgz",
            "integrity": "sha512-o2JlM7ydqd3Qk9CA0L4NL6mTzU2sdx96a+oOfPu8Mkl/PK51vSyoi8/rQ8NknZtk44vq15lmhAj9CIAGwgeWKw=="
        },
        "node_modules/deepmerge": {
            "version": "4.3.1",
            "resolved": "https://registry.npmjs.org/deepmerge/-/deepmerge-4.3.1.tgz",
            "integrity": "sha512-3sUqbMEc77XqpdNO7FRyRog+eW3ph+GYCbj+rK+uYyRMuwsVy0rMiVtPn+QJlKFvWP/1PYpapqYn0Me2knFn+A==",
            "dev": true,
            "engines": {
                "node": ">=0.10.0"
            }
        },
        "node_modules/fookie": {
            "version": "0.999.32",
            "resolved": "https://registry.npmjs.org/fookie/-/fookie-0.999.32.tgz",
            "integrity": "sha512-74tSj0VRK71/Mj31N7Sxy0hykpYOG89sNdbS+5qjFCl4w6yZ6v8pRa3HIweoFSpX2SXIKOrkhsel67JaYiYSOw==",
            "dev": true,
            "dependencies": {
                "deepmerge": "^4.3.0",
                "lodash": "^4.17.21",
                "uuid": "^9.0.0"
            }
        },
        "node_modules/lodash": {
            "version": "4.17.21",
            "resolved": "https://registry.npmjs.org/lodash/-/lodash-4.17.21.tgz",
            "integrity": "sha512-v2kDEe57lecTulaDIuNTPy3Ry4gLGJ6Z1O3vE1krgXZNrsQ+LFTGHVxVjcXPs17LhbZVGedAJv8XZ1tvj5FvSg==",
            "dev": true
        },
        "node_modules/typescript": {
            "version": "5.2.2",
            "resolved": "https://registry.npmjs.org/typescript/-/typescript-5.2.2.tgz",
            "integrity": "sha512-mI4WrpHsbCIcwT9cF4FZvr80QUeKvsUsUvKDoR+X/7XHQH98xYD8YHZg7ANtz2GtZt/CBq2QJ0thkGJMHfqc1w==",
            "dev": true,
            "bin": {
                "tsc": "bin/tsc",
                "tsserver": "bin/tsserver"
            },
            "engines": {
                "node": ">=14.17"
            }
        },
        "node_modules/uuid": {
            "version": "9.0.1",
            "resolved": "https://registry.npmjs.org/uuid/-/uuid-9.0.1.tgz",
            "integrity": "sha512-b+1eJOlsR9K8HJpow9Ok3fiWOWSIcIzXodvv0rQjVoOVNpWMpxf1wZNpt4y9h10odCNrqnYp1OBzRktckBe3sA==",
            "dev": true,
            "funding": [
                "https://github.com/sponsors/broofa",
                "https://github.com/sponsors/ctavan"
            ],
            "bin": {
                "uuid": "dist/bin/uuid"
            }
        }
    }
}
